// !$*UTF8*$!
{
	archiveVersion = 1;
	classes = {
	};
	objectVersion = 46;
	objects = {

/* Begin PBXBuildFile section */
		2E18C73F15E47875000EFF5C /* main.c in Sources */ = {isa = PBXBuildFile; fileRef = 2E18C73E15E47875000EFF5C /* main.c */; };
		2E18C74115E47875000EFF5C /* Lab07_C.1 in CopyFiles */ = {isa = PBXBuildFile; fileRef = 2E18C74015E47875000EFF5C /* Lab07_C.1 */; };
/* End PBXBuildFile section */

/* Begin PBXCopyFilesBuildPhase section */
		2E18C73815E47875000EFF5C /* CopyFiles */ = {
			isa = PBXCopyFilesBuildPhase;
			buildActionMask = 2147483647;
			dstPath = /usr/share/man/man1/;
			dstSubfolderSpec = 0;
			files = (
				2E18C74115E47875000EFF5C /* Lab07_C.1 in CopyFiles */,
			);
			runOnlyForDeploymentPostprocessing = 1;
		};
/* End PBXCopyFilesBuildPhase section */

/* Begin PBXFileReference section */
		2E18C73A15E47875000EFF5C /* Lab07_C */ = {isa = PBXFileReference; explicitFileType = "compiled.mach-o.executable"; includeInIndex = 0; path = Lab07_C; sourceTree = BUILT_PRODUCTS_DIR; };
		2E18C73E15E47875000EFF5C /* main.c */ = {isa = PBXFileReference; lastKnownFileType = sourcecode.c.c; path = main.c; sourceTree = "<group>"; };
		2E18C74015E47875000EFF5C /* Lab07_C.1 */ = {isa = PBXFileReference; lastKnownFileType = text.man; path = Lab07_C.1; sourceTree = "<group>"; };
		2EBC6E2515F6EF0300139B5D /* tree.c */ = {isa = PBXFileReference; lastKnownFileType = sourcecode.c.c; path = tree.c; sourceTree = "<group>"; };
/* End PBXFileReference section */

/* Begin PBXFrameworksBuildPhase section */
		2E18C73715E47875000EFF5C /* Frameworks */ = {
			isa = PBXFrameworksBuildPhase;
			buildActionMask = 2147483647;
			files = (
			);
			runOnlyForDeploymentPostprocessing = 0;
		};
/* End PBXFrameworksBuildPhase section */

/* Begin PBXGroup section */
		2E18C72F15E47875000EFF5C = {
			isa = PBXGroup;
			children = (
				2E18C73D15E47875000EFF5C /* Lab07_C */,
				2E18C73B15E47875000EFF5C /* Products */,
			);
			sourceTree = "<group>";
		};
		2E18C73B15E47875000EFF5C /* Products */ = {
			isa = PBXGroup;
			children = (
				2E18C73A15E47875000EFF5C /* Lab07_C */,
			);
			name = Products;
			sourceTree = "<group>";
		};
		2E18C73D15E47875000EFF5C /* Lab07_C */ = {
			isa = PBXGroup;
			children = (
				2E18C73E15E47875000EFF5C /* main.c */,
				2EBC6E2515F6EF0300139B5D /* tree.c */,
				2E18C74015E47875000EFF5C /* Lab07_C.1 */,
			);
			path = Lab07_C;
			sourceTree = "<group>";
		};
/* End PBXGroup section */

/* Begin PBXNativeTarget section */
		2E18C73915E47875000EFF5C /* Lab07_C */ = {
			isa = PBXNativeTarget;
			buildConfigurationList = 2E18C74415E47875000EFF5C /* Build configuration list for PBXNativeTarget "Lab07_C" */;
			buildPhases = (
				2E18C73615E47875000EFF5C /* Sources */,
				2E18C73715E47875000EFF5C /* Frameworks */,
				2E18C73815E47875000EFF5C /* CopyFiles */,
			);
			buildRules = (
			);
			dependencies = (
			);
			name = Lab07_C;
			productName = Lab07_C;
			productReference = 2E18C73A15E47875000EFF5C /* Lab07_C */;
			productType = "com.apple.product-type.tool";
		};
/* End PBXNativeTarget section */

/* Begin PBXProject section */
		2E18C73115E47875000EFF5C /* Project object */ = {
			isa = PBXProject;
			attributes = {
				LastUpgradeCheck = 0430;
			};
			buildConfigurationList = 2E18C73415E47875000EFF5C /* Build configuration list for PBXProject "Lab07_C" */;
			compatibilityVersion = "Xcode 3.2";
			developmentRegion = English;
			hasScannedForEncodings = 0;
			knownRegions = (
				en,
			);
			mainGroup = 2E18C72F15E47875000EFF5C;
			productRefGroup = 2E18C73B15E47875000EFF5C /* Products */;
			projectDirPath = "";
			projectRoot = "";
			targets = (
				2E18C73915E47875000EFF5C /* Lab07_C */,
			);
		};
/* End PBXProject section */

/* Begin PBXSourcesBuildPhase section */
		2E18C73615E47875000EFF5C /* Sources */ = {
			isa = PBXSourcesBuildPhase;
			buildActionMask = 2147483647;
			files = (
				2E18C73F15E47875000EFF5C /* main.c in Sources */,
			);
			runOnlyForDeploymentPostprocessing = 0;
		};
/* End PBXSourcesBuildPhase section */

/* Begin XCBuildConfiguration section */
		2E18C74215E47875000EFF5C /* Debug */ = {
			isa = XCBuildConfiguration;
			buildSettings = {
				ALWAYS_SEARCH_USER_PATHS = NO;
				ARCHS = "$(ARCHS_STANDARD_64_BIT)";
				CLANG_ENABLE_OBJC_ARC = YES;
				COPY_PHASE_STRIP = NO;
				GCC_C_LANGUAGE_STANDARD = gnu99;
				GCC_DYNAMIC_NO_PIC = NO;
				GCC_ENABLE_OBJC_EXCEPTIONS = YES;
				GCC_OPTIMIZATION_LEVEL = 0;
				GCC_PREPROCESSOR_DEFINITIONS = (
					"DEBUG=1",
					"$(inherited)",
				);
				GCC_SYMBOLS_PRIVATE_EXTERN = NO;
				GCC_VERSION = com.apple.compilers.llvm.clang.1_0;
				GCC_WARN_64_TO_32_BIT_CONVERSION = YES;
				GCC_WARN_ABOUT_RETURN_TYPE = YES;
				GCC_WARN_UNINITIALIZED_AUTOS = YES;
				GCC_WARN_UNUSED_VARIABLE = YES;
				MACOSX_DEPLOYMENT_TARGET = 10.7;
				ONLY_ACTIVE_ARCH = YES;
				SDKROOT = macosx;
			};
			name = Debug;
		};
		2E18C74315E47875000EFF5C /* Release */ = {
			isa = XCBuildConfiguration;
			buildSettings = {
				ALWAYS_SEARCH_USER_PATHS = NO;
				ARCHS = "$(ARCHS_STANDARD_64_BIT)";
				CLANG_ENABLE_OBJC_ARC = YES;
				COPY_PHASE_STRIP = YES;
				DEBUG_INFORMATION_FORMAT = "dwarf-with-dsym";
				GCC_C_LANGUAGE_STANDARD = gnu99;
				GCC_ENABLE_OBJC_EXCEPTIONS = YES;
				GCC_VERSION = com.apple.compilers.llvm.clang.1_0;
				GCC_WARN_64_TO_32_BIT_CONVERSION = YES;
				GCC_WARN_ABOUT_RETURN_TYPE = YES;
				GCC_WARN_UNINITIALIZED_AUTOS = YES;
				GCC_WARN_UNUSED_VARIABLE = YES;
				MACOSX_DEPLOYMENT_TARGET = 10.7;
				SDKROOT = macosx;
			};
			name = Release;
		};
		2E18C74515E47875000EFF5C /* Debug */ = {
			isa = XCBuildConfiguration;
			buildSettings = {
				PRODUCT_NAME = "$(TARGET_NAME)";
			};
			name = Debug;
		};
		2E18C74615E47875000EFF5C /* Release */ = {
			isa = XCBuildConfiguration;
			buildSettings = {
				PRODUCT_NAME = "$(TARGET_NAME)";
			};
			name = Release;
		};
/* End XCBuildConfiguration section */

/* Begin XCConfigurationList section */
		2E18C73415E47875000EFF5C /* Build configuration list for PBXProject "Lab07_C" */ = {
			isa = XCConfigurationList;
			buildConfigurations = (
				2E18C74215E47875000EFF5C /* Debug */,
				2E18C74315E47875000EFF5C /* Release */,
			);
			defaultConfigurationIsVisible = 0;
			defaultConfigurationName = Release;
		};
		2E18C74415E47875000EFF5C /* Build configuration list for PBXNativeTarget "Lab07_C" */ = {
			isa = XCConfigurationList;
			buildConfigurations = (
				2E18C74515E47875000EFF5C /* Debug */,
				2E18C74615E47875000EFF5C /* Release */,
			);
			defaultConfigurationIsVisible = 0;
			defaultConfigurationName = Release;
		};
/* End XCConfigurationList section */
	};
	rootObject = 2E18C73115E47875000EFF5C /* Project object */;
}
